
Microsoft Visual Studio Solution File, Format Version 12.00
# Visual Studio Version 16
VisualStudioVersion = 16.0.30128.74
MinimumVisualStudioVersion = 10.0.40219.1
Project("{FAE04EC0-301F-11D3-BF4B-00C04F79EFBC}") = "CIM", "CIM\CIM.csproj", "{45727382-0B76-48EB-A268-2DBD9C8667B3}"
EndProject
Global
	GlobalSection(SolutionConfigurationPlatforms) = preSolution
		Debug|Any CPU = Debug|Any CPU
		Release|Any CPU = Release|Any CPU
	EndGlobalSection
	GlobalSection(ProjectConfigurationPlatforms) = postSolution
		{45727382-0B76-48EB-A268-2DBD9C8667B3}.Debug|Any CPU.ActiveCfg = Debug|Any CPU
		{45727382-0B76-48EB-A268-2DBD9C8667B3}.Debug|Any CPU.Build.0 = Debug|Any CPU
		{45727382-0B76-48EB-A268-2DBD9C8667B3}.Release|Any CPU.ActiveCfg = Release|Any CPU
		{45727382-0B76-48EB-A268-2DBD9C8667B3}.Release|Any CPU.Build.0 = Release|Any CPU
	EndGlobalSection
	GlobalSection(SolutionProperties) = preSolution
		HideSolutionNode = FALSE
	EndGlobalSection
	GlobalSection(ExtensibilityGlobals) = postSolution
		SolutionGuid = {090E0ADF-C36C-427D-A73E-D6006F0BC7FE}
	EndGlobalSection
EndGlobal
